
Microsoft Visual Studio Solution File, Format Version 12.00
# Visual Studio Version 17
VisualStudioVersion = 17.1.32228.430
MinimumVisualStudioVersion = 10.0.40219.1
Project("{FAE04EC0-301F-11D3-BF4B-00C04F79EFBC}") = "CompGraph2022", "CompGraph2022\CompGraph2022.csproj", "{1F0AB905-8B84-4686-BE75-18EEF9010369}"
EndProject
Project("{FAE04EC0-301F-11D3-BF4B-00C04F79EFBC}") = "BarycentricCoordinates", "BarycentricCoordinates\BarycentricCoordinates.csproj", "{46AA39A9-F62A-4EAD-ACA8-C562D6377DEC}"
	ProjectSection(ProjectDependencies) = postProject
		{1F0AB905-8B84-4686-BE75-18EEF9010369} = {1F0AB905-8B84-4686-BE75-18EEF9010369}
	EndProjectSection
EndProject
Project("{FAE04EC0-301F-11D3-BF4B-00C04F79EFBC}") = "BezierCurve", "BezierCurve\BezierCurve.csproj", "{94726A7D-4B14-4489-B337-DD3BEADEF76D}"
EndProject
Project("{FAE04EC0-301F-11D3-BF4B-00C04F79EFBC}") = "ThreeDimentionalDemo", "ThreeDimentionalDemo\ThreeDimentionalDemo.csproj", "{94363C48-3432-4C32-93D7-60B90D4A871B}"
EndProject
Global
	GlobalSection(SolutionConfigurationPlatforms) = preSolution
		Debug|Any CPU = Debug|Any CPU
		Release|Any CPU = Release|Any CPU
	EndGlobalSection
	GlobalSection(ProjectConfigurationPlatforms) = postSolution
		{1F0AB905-8B84-4686-BE75-18EEF9010369}.Debug|Any CPU.ActiveCfg = Debug|Any CPU
		{1F0AB905-8B84-4686-BE75-18EEF9010369}.Debug|Any CPU.Build.0 = Debug|Any CPU
		{1F0AB905-8B84-4686-BE75-18EEF9010369}.Release|Any CPU.ActiveCfg = Release|Any CPU
		{1F0AB905-8B84-4686-BE75-18EEF9010369}.Release|Any CPU.Build.0 = Release|Any CPU
		{46AA39A9-F62A-4EAD-ACA8-C562D6377DEC}.Debug|Any CPU.ActiveCfg = Debug|Any CPU
		{46AA39A9-F62A-4EAD-ACA8-C562D6377DEC}.Debug|Any CPU.Build.0 = Debug|Any CPU
		{46AA39A9-F62A-4EAD-ACA8-C562D6377DEC}.Release|Any CPU.ActiveCfg = Release|Any CPU
		{46AA39A9-F62A-4EAD-ACA8-C562D6377DEC}.Release|Any CPU.Build.0 = Release|Any CPU
		{94726A7D-4B14-4489-B337-DD3BEADEF76D}.Debug|Any CPU.ActiveCfg = Debug|Any CPU
		{94726A7D-4B14-4489-B337-DD3BEADEF76D}.Debug|Any CPU.Build.0 = Debug|Any CPU
		{94726A7D-4B14-4489-B337-DD3BEADEF76D}.Release|Any CPU.ActiveCfg = Release|Any CPU
		{94726A7D-4B14-4489-B337-DD3BEADEF76D}.Release|Any CPU.Build.0 = Release|Any CPU
		{94363C48-3432-4C32-93D7-60B90D4A871B}.Debug|Any CPU.ActiveCfg = Debug|Any CPU
		{94363C48-3432-4C32-93D7-60B90D4A871B}.Debug|Any CPU.Build.0 = Debug|Any CPU
		{94363C48-3432-4C32-93D7-60B90D4A871B}.Release|Any CPU.ActiveCfg = Release|Any CPU
		{94363C48-3432-4C32-93D7-60B90D4A871B}.Release|Any CPU.Build.0 = Release|Any CPU
	EndGlobalSection
	GlobalSection(SolutionProperties) = preSolution
		HideSolutionNode = FALSE
	EndGlobalSection
	GlobalSection(ExtensibilityGlobals) = postSolution
		SolutionGuid = {84AD1A8C-A8DB-4529-BC03-E45F6C55EA26}
	EndGlobalSection
EndGlobal
